// !$*UTF8*$!
{
	archiveVersion = 1;
	classes = {
	};
	objectVersion = 50;
	objects = {

/* Begin PBXBuildFile section */
		84DBCD11257413C9005FB424 /* LargeImageViewController.swift in Sources */ = {isa = PBXBuildFile; fileRef = 84DBCD10257413C9005FB424 /* LargeImageViewController.swift */; };
		AEF3A30F2562D705007CCD92 /* AppDelegate.swift in Sources */ = {isa = PBXBuildFile; fileRef = AEF3A30E2562D705007CCD92 /* AppDelegate.swift */; };
		AEF3A3112562D705007CCD92 /* SceneDelegate.swift in Sources */ = {isa = PBXBuildFile; fileRef = AEF3A3102562D705007CCD92 /* SceneDelegate.swift */; };
		AEF3A3132562D705007CCD92 /* ViewController.swift in Sources */ = {isa = PBXBuildFile; fileRef = AEF3A3122562D705007CCD92 /* ViewController.swift */; };
		AEF3A3162562D705007CCD92 /* Main.storyboard in Resources */ = {isa = PBXBuildFile; fileRef = AEF3A3142562D705007CCD92 /* Main.storyboard */; };
		AEF3A3182562D706007CCD92 /* Assets.xcassets in Resources */ = {isa = PBXBuildFile; fileRef = AEF3A3172562D706007CCD92 /* Assets.xcassets */; };
		AEF3A31B2562D706007CCD92 /* LaunchScreen.storyboard in Resources */ = {isa = PBXBuildFile; fileRef = AEF3A3192562D706007CCD92 /* LaunchScreen.storyboard */; };
		AEF3A3242562DBB3007CCD92 /* ImageCell.swift in Sources */ = {isa = PBXBuildFile; fileRef = AEF3A3232562DBB3007CCD92 /* ImageCell.swift */; };
		AEF3A3282562E4D4007CCD92 /* URLDetailsViewController.swift in Sources */ = {isa = PBXBuildFile; fileRef = AEF3A3272562E4D4007CCD92 /* URLDetailsViewController.swift */; };
/* End PBXBuildFile section */

/* Begin PBXFileReference section */
		84DBCD10257413C9005FB424 /* LargeImageViewController.swift */ = {isa = PBXFileReference; lastKnownFileType = sourcecode.swift; path = LargeImageViewController.swift; sourceTree = "<group>"; };
		AEF3A30B2562D705007CCD92 /* ImageLoadingProject.app */ = {isa = PBXFileReference; explicitFileType = wrapper.application; includeInIndex = 0; path = ImageLoadingProject.app; sourceTree = BUILT_PRODUCTS_DIR; };
		AEF3A30E2562D705007CCD92 /* AppDelegate.swift */ = {isa = PBXFileReference; lastKnownFileType = sourcecode.swift; path = AppDelegate.swift; sourceTree = "<group>"; };
		AEF3A3102562D705007CCD92 /* SceneDelegate.swift */ = {isa = PBXFileReference; lastKnownFileType = sourcecode.swift; path = SceneDelegate.swift; sourceTree = "<group>"; };
		AEF3A3122562D705007CCD92 /* ViewController.swift */ = {isa = PBXFileReference; lastKnownFileType = sourcecode.swift; path = ViewController.swift; sourceTree = "<group>"; };
		AEF3A3152562D705007CCD92 /* Base */ = {isa = PBXFileReference; lastKnownFileType = file.storyboard; name = Base; path = Base.lproj/Main.storyboard; sourceTree = "<group>"; };
		AEF3A3172562D706007CCD92 /* Assets.xcassets */ = {isa = PBXFileReference; lastKnownFileType = folder.assetcatalog; path = Assets.xcassets; sourceTree = "<group>"; };
		AEF3A31A2562D706007CCD92 /* Base */ = {isa = PBXFileReference; lastKnownFileType = file.storyboard; name = Base; path = Base.lproj/LaunchScreen.storyboard; sourceTree = "<group>"; };
		AEF3A31C2562D706007CCD92 /* Info.plist */ = {isa = PBXFileReference; lastKnownFileType = text.plist.xml; path = Info.plist; sourceTree = "<group>"; };
		AEF3A3232562DBB3007CCD92 /* ImageCell.swift */ = {isa = PBXFileReference; lastKnownFileType = sourcecode.swift; path = ImageCell.swift; sourceTree = "<group>"; };
		AEF3A3272562E4D4007CCD92 /* URLDetailsViewController.swift */ = {isa = PBXFileReference; lastKnownFileType = sourcecode.swift; path = URLDetailsViewController.swift; sourceTree = "<group>"; };
/* End PBXFileReference section */

/* Begin PBXFrameworksBuildPhase section */
		AEF3A3082562D705007CCD92 /* Frameworks */ = {
			isa = PBXFrameworksBuildPhase;
			buildActionMask = 2147483647;
			files = (
			);
			runOnlyForDeploymentPostprocessing = 0;
		};
/* End PBXFrameworksBuildPhase section */

/* Begin PBXGroup section */
		AEF3A3022562D705007CCD92 = {
			isa = PBXGroup;
			children = (
				AEF3A30D2562D705007CCD92 /* ImageLoadingProject */,
				AEF3A30C2562D705007CCD92 /* Products */,
			);
			sourceTree = "<group>";
		};
		AEF3A30C2562D705007CCD92 /* Products */ = {
			isa = PBXGroup;
			children = (
				AEF3A30B2562D705007CCD92 /* ImageLoadingProject.app */,
			);
			name = Products;
			sourceTree = "<group>";
		};
		AEF3A30D2562D705007CCD92 /* ImageLoadingProject */ = {
			isa = PBXGroup;
			children = (
				AEF3A30E2562D705007CCD92 /* AppDelegate.swift */,
				AEF3A3102562D705007CCD92 /* SceneDelegate.swift */,
				AEF3A3122562D705007CCD92 /* ViewController.swift */,
				AEF3A3232562DBB3007CCD92 /* ImageCell.swift */,
				84DBCD10257413C9005FB424 /* LargeImageViewController.swift */,
				AEF3A3272562E4D4007CCD92 /* URLDetailsViewController.swift */,
				AEF3A3142562D705007CCD92 /* Main.storyboard */,
				AEF3A3172562D706007CCD92 /* Assets.xcassets */,
				AEF3A3192562D706007CCD92 /* LaunchScreen.storyboard */,
				AEF3A31C2562D706007CCD92 /* Info.plist */,
			);
			path = ImageLoadingProject;
			sourceTree = "<group>";
		};
/* End PBXGroup section */

/* Begin PBXNativeTarget section */
		AEF3A30A2562D705007CCD92 /* ImageLoadingProject */ = {
			isa = PBXNativeTarget;
			buildConfigurationList = AEF3A31F2562D706007CCD92 /* Build configuration list for PBXNativeTarget "ImageLoadingProject" */;
			buildPhases = (
				AEF3A3072562D705007CCD92 /* Sources */,
				AEF3A3082562D705007CCD92 /* Frameworks */,
				AEF3A3092562D705007CCD92 /* Resources */,
			);
			buildRules = (
			);
			dependencies = (
			);
			name = ImageLoadingProject;
			productName = ImageLoadingProject;
			productReference = AEF3A30B2562D705007CCD92 /* ImageLoadingProject.app */;
			productType = "com.apple.product-type.application";
		};
/* End PBXNativeTarget section */

/* Begin PBXProject section */
		AEF3A3032562D705007CCD92 /* Project object */ = {
			isa = PBXProject;
			attributes = {
				LastSwiftUpdateCheck = 1220;
				LastUpgradeCheck = 1220;
				TargetAttributes = {
					AEF3A30A2562D705007CCD92 = {
						CreatedOnToolsVersion = 12.2;
					};
				};
			};
			buildConfigurationList = AEF3A3062562D705007CCD92 /* Build configuration list for PBXProject "ImageLoadingProject" */;
			compatibilityVersion = "Xcode 9.3";
			developmentRegion = en;
			hasScannedForEncodings = 0;
			knownRegions = (
				en,
				Base,
			);
			mainGroup = AEF3A3022562D705007CCD92;
			productRefGroup = AEF3A30C2562D705007CCD92 /* Products */;
			projectDirPath = "";
			projectRoot = "";
			targets = (
				AEF3A30A2562D705007CCD92 /* ImageLoadingProject */,
			);
		};
/* End PBXProject section */

/* Begin PBXResourcesBuildPhase section */
		AEF3A3092562D705007CCD92 /* Resources */ = {
			isa = PBXResourcesBuildPhase;
			buildActionMask = 2147483647;
			files = (
				AEF3A31B2562D706007CCD92 /* LaunchScreen.storyboard in Resources */,
				AEF3A3182562D706007CCD92 /* Assets.xcassets in Resources */,
				AEF3A3162562D705007CCD92 /* Main.storyboard in Resources */,
			);
			runOnlyForDeploymentPostprocessing = 0;
		};
/* End PBXResourcesBuildPhase section */

/* Begin PBXSourcesBuildPhase section */
		AEF3A3072562D705007CCD92 /* Sources */ = {
			isa = PBXSourcesBuildPhase;
			buildActionMask = 2147483647;
			files = (
				AEF3A3132562D705007CCD92 /* ViewController.swift in Sources */,
				AEF3A3242562DBB3007CCD92 /* ImageCell.swift in Sources */,
				84DBCD11257413C9005FB424 /* LargeImageViewController.swift in Sources */,
				AEF3A30F2562D705007CCD92 /* AppDelegate.swift in Sources */,
				AEF3A3112562D705007CCD92 /* SceneDelegate.swift in Sources */,
				AEF3A3282562E4D4007CCD92 /* URLDetailsViewController.swift in Sources */,
			);
			runOnlyForDeploymentPostprocessing = 0;
		};
/* End PBXSourcesBuildPhase section */

/* Begin PBXVariantGroup section */
		AEF3A3142562D705007CCD92 /* Main.storyboard */ = {
			isa = PBXVariantGroup;
			children = (
				AEF3A3152562D705007CCD92 /* Base */,
			);
			name = Main.storyboard;
			sourceTree = "<group>";
		};
		AEF3A3192562D706007CCD92 /* LaunchScreen.storyboard */ = {
			isa = PBXVariantGroup;
			children = (
				AEF3A31A2562D706007CCD92 /* Base */,
			);
			name = LaunchScreen.storyboard;
			sourceTree = "<group>";
		};
/* End PBXVariantGroup section */

/* Begin XCBuildConfiguration section */
		AEF3A31D2562D706007CCD92 /* Debug */ = {
			isa = XCBuildConfiguration;
			buildSettings = {
				ALWAYS_SEARCH_USER_PATHS = NO;
				CLANG_ANALYZER_NONNULL = YES;
				CLANG_ANALYZER_NUMBER_OBJECT_CONVERSION = YES_AGGRESSIVE;
				CLANG_CXX_LANGUAGE_STANDARD = "gnu++14";
				CLANG_CXX_LIBRARY = "libc++";
				CLANG_ENABLE_MODULES = YES;
				CLANG_ENABLE_OBJC_ARC = YES;
				CLANG_ENABLE_OBJC_WEAK = YES;
				CLANG_WARN_BLOCK_CAPTURE_AUTORELEASING = YES;
				CLANG_WARN_BOOL_CONVERSION = YES;
				CLANG_WARN_COMMA = YES;
				CLANG_WARN_CONSTANT_CONVERSION = YES;
				CLANG_WARN_DEPRECATED_OBJC_IMPLEMENTATIONS = YES;
				CLANG_WARN_DIRECT_OBJC_ISA_USAGE = YES_ERROR;
				CLANG_WARN_DOCUMENTATION_COMMENTS = YES;
				CLANG_WARN_EMPTY_BODY = YES;
				CLANG_WARN_ENUM_CONVERSION = YES;
				CLANG_WARN_INFINITE_RECURSION = YES;
				CLANG_WARN_INT_CONVERSION = YES;
				CLANG_WARN_NON_LITERAL_NULL_CONVERSION = YES;
				CLANG_WARN_OBJC_IMPLICIT_RETAIN_SELF = YES;
				CLANG_WARN_OBJC_LITERAL_CONVERSION = YES;
				CLANG_WARN_OBJC_ROOT_CLASS = YES_ERROR;
				CLANG_WARN_QUOTED_INCLUDE_IN_FRAMEWORK_HEADER = YES;
				CLANG_WARN_RANGE_LOOP_ANALYSIS = YES;
				CLANG_WARN_STRICT_PROTOTYPES = YES;
				CLANG_WARN_SUSPICIOUS_MOVE = YES;
				CLANG_WARN_UNGUARDED_AVAILABILITY = YES_AGGRESSIVE;
				CLANG_WARN_UNREACHABLE_CODE = YES;
				CLANG_WARN__DUPLICATE_METHOD_MATCH = YES;
				COPY_PHASE_STRIP = NO;
				DEBUG_INFORMATION_FORMAT = dwarf;
				ENABLE_STRICT_OBJC_MSGSEND = YES;
				ENABLE_TESTABILITY = YES;
				GCC_C_LANGUAGE_STANDARD = gnu11;
				GCC_DYNAMIC_NO_PIC = NO;
				GCC_NO_COMMON_BLOCKS = YES;
				GCC_OPTIMIZATION_LEVEL = 0;
				GCC_PREPROCESSOR_DEFINITIONS = (
					"DEBUG=1",
					"$(inherited)",
				);
				GCC_WARN_64_TO_32_BIT_CONVERSION = YES;
				GCC_WARN_ABOUT_RETURN_TYPE = YES_ERROR;
				GCC_WARN_UNDECLARED_SELECTOR = YES;
				GCC_WARN_UNINITIALIZED_AUTOS = YES_AGGRESSIVE;
				GCC_WARN_UNUSED_FUNCTION = YES;
				GCC_WARN_UNUSED_VARIABLE = YES;
				IPHONEOS_DEPLOYMENT_TARGET = 14.0;
				MTL_ENABLE_DEBUG_INFO = INCLUDE_SOURCE;
				MTL_FAST_MATH = YES;
				ONLY_ACTIVE_ARCH = YES;
				SDKROOT = iphoneos;
				SWIFT_ACTIVE_COMPILATION_CONDITIONS = DEBUG;
				SWIFT_OPTIMIZATION_LEVEL = "-Onone";
			};
			name = Debug;
		};
		AEF3A31E2562D706007CCD92 /* Release */ = {
			isa = XCBuildConfiguration;
			buildSettings = {
				ALWAYS_SEARCH_USER_PATHS = NO;
				CLANG_ANALYZER_NONNULL = YES;
				CLANG_ANALYZER_NUMBER_OBJECT_CONVERSION = YES_AGGRESSIVE;
				CLANG_CXX_LANGUAGE_STANDARD = "gnu++14";
				CLANG_CXX_LIBRARY = "libc++";
				CLANG_ENABLE_MODULES = YES;
				CLANG_ENABLE_OBJC_ARC = YES;
				CLANG_ENABLE_OBJC_WEAK = YES;
				CLANG_WARN_BLOCK_CAPTURE_AUTORELEASING = YES;
				CLANG_WARN_BOOL_CONVERSION = YES;
				CLANG_WARN_COMMA = YES;
				CLANG_WARN_CONSTANT_CONVERSION = YES;
				CLANG_WARN_DEPRECATED_OBJC_IMPLEMENTATIONS = YES;
				CLANG_WARN_DIRECT_OBJC_ISA_USAGE = YES_ERROR;
				CLANG_WARN_DOCUMENTATION_COMMENTS = YES;
				CLANG_WARN_EMPTY_BODY = YES;
				CLANG_WARN_ENUM_CONVERSION = YES;
				CLANG_WARN_INFINITE_RECURSION = YES;
				CLANG_WARN_INT_CONVERSION = YES;
				CLANG_WARN_NON_LITERAL_NULL_CONVERSION = YES;
				CLANG_WARN_OBJC_IMPLICIT_RETAIN_SELF = YES;
				CLANG_WARN_OBJC_LITERAL_CONVERSION = YES;
				CLANG_WARN_OBJC_ROOT_CLASS = YES_ERROR;
				CLANG_WARN_QUOTED_INCLUDE_IN_FRAMEWORK_HEADER = YES;
				CLANG_WARN_RANGE_LOOP_ANALYSIS = YES;
				CLANG_WARN_STRICT_PROTOTYPES = YES;
				CLANG_WARN_SUSPICIOUS_MOVE = YES;
				CLANG_WARN_UNGUARDED_AVAILABILITY = YES_AGGRESSIVE;
				CLANG_WARN_UNREACHABLE_CODE = YES;
				CLANG_WARN__DUPLICATE_METHOD_MATCH = YES;
				COPY_PHASE_STRIP = NO;
				DEBUG_INFORMATION_FORMAT = "dwarf-with-dsym";
				ENABLE_NS_ASSERTIONS = NO;
				ENABLE_STRICT_OBJC_MSGSEND = YES;
				GCC_C_LANGUAGE_STANDARD = gnu11;
				GCC_NO_COMMON_BLOCKS = YES;
				GCC_WARN_64_TO_32_BIT_CONVERSION = YES;
				GCC_WARN_ABOUT_RETURN_TYPE = YES_ERROR;
				GCC_WARN_UNDECLARED_SELECTOR = YES;
				GCC_WARN_UNINITIALIZED_AUTOS = YES_AGGRESSIVE;
				GCC_WARN_UNUSED_FUNCTION = YES;
				GCC_WARN_UNUSED_VARIABLE = YES;
				IPHONEOS_DEPLOYMENT_TARGET = 14.0;
				MTL_ENABLE_DEBUG_INFO = NO;
				MTL_FAST_MATH = YES;
				SDKROOT = iphoneos;
				SWIFT_COMPILATION_MODE = wholemodule;
				SWIFT_OPTIMIZATION_LEVEL = "-O";
				VALIDATE_PRODUCT = YES;
			};
			name = Release;
		};
		AEF3A3202562D706007CCD92 /* Debug */ = {
			isa = XCBuildConfiguration;
			buildSettings = {
				ASSETCATALOG_COMPILER_APPICON_NAME = AppIcon;
				ASSETCATALOG_COMPILER_GLOBAL_ACCENT_COLOR_NAME = AccentColor;
				CODE_SIGN_STYLE = Automatic;
				DEVELOPMENT_TEAM = J62PVJ69GK;
				INFOPLIST_FILE = ImageLoadingProject/Info.plist;
				LD_RUNPATH_SEARCH_PATHS = (
					"$(inherited)",
					"@executable_path/Frameworks",
				);
				PRODUCT_BUNDLE_IDENTIFIER = amirzigangaraev.ImageLoadingProject;
				PRODUCT_NAME = "$(TARGET_NAME)";
				SWIFT_VERSION = 5.0;
				TARGETED_DEVICE_FAMILY = "1,2";
			};
			name = Debug;
		};
		AEF3A3212562D706007CCD92 /* Release */ = {
			isa = XCBuildConfiguration;
			buildSettings = {
				ASSETCATALOG_COMPILER_APPICON_NAME = AppIcon;
				ASSETCATALOG_COMPILER_GLOBAL_ACCENT_COLOR_NAME = AccentColor;
				CODE_SIGN_STYLE = Automatic;
				DEVELOPMENT_TEAM = J62PVJ69GK;
				INFOPLIST_FILE = ImageLoadingProject/Info.plist;
				LD_RUNPATH_SEARCH_PATHS = (
					"$(inherited)",
					"@executable_path/Frameworks",
				);
				PRODUCT_BUNDLE_IDENTIFIER = amirzigangaraev.ImageLoadingProject;
				PRODUCT_NAME = "$(TARGET_NAME)";
				SWIFT_VERSION = 5.0;
				TARGETED_DEVICE_FAMILY = "1,2";
			};
			name = Release;
		};
/* End XCBuildConfiguration section */

/* Begin XCConfigurationList section */
		AEF3A3062562D705007CCD92 /* Build configuration list for PBXProject "ImageLoadingProject" */ = {
			isa = XCConfigurationList;
			buildConfigurations = (
				AEF3A31D2562D706007CCD92 /* Debug */,
				AEF3A31E2562D706007CCD92 /* Release */,
			);
			defaultConfigurationIsVisible = 0;
			defaultConfigurationName = Release;
		};
		AEF3A31F2562D706007CCD92 /* Build configuration list for PBXNativeTarget "ImageLoadingProject" */ = {
			isa = XCConfigurationList;
			buildConfigurations = (
				AEF3A3202562D706007CCD92 /* Debug */,
				AEF3A3212562D706007CCD92 /* Release */,
			);
			defaultConfigurationIsVisible = 0;
			defaultConfigurationName = Release;
		};
/* End XCConfigurationList section */
	};
	rootObject = AEF3A3032562D705007CCD92 /* Project object */;
}
